localhost.localdomain/kjuulh/renovate-minimal-go-submodule/submodule-with-user v0.0.0-20221018112651-3a3bd2613df7 h1:qppWsZbejJX2gRKI74+A9qkYUDadqQKYQ1hLKprzTbY=
localhost.localdomain/kjuulh/renovate-minimal-go-submodule/submodule-with-user v0.0.0-20221018112651-3a3bd2613df7/go.mod h1:THLn5QTU+Imj0s3UJH54OfDS6rmm4K6FbYVZKJnZE/c=
