localhost.localdomain/kjuulh/renovate-minimal-go-submodule/submodule-with-user v0.0.0-20221018214841-57782e4bd91c h1:PCoQydQ0vvIZmC66LD/LHzOYijTqLaFnpvsRIop/MTw=
localhost.localdomain/kjuulh/renovate-minimal-go-submodule/submodule-with-user v0.0.0-20221018214841-57782e4bd91c/go.mod h1:KMl9w9bDaOr3dk/kB6lkPWPp57cZqFe7QgcR2oBzCms=
